{
  "name": "flashbitacora",
  "version": "1.0.0",
  "lockfileVersion": 1,
  "dependencies": {
    "ammo": {
      "version": "2.0.4",
      "resolved": "https://registry.npmjs.org/ammo/-/ammo-2.0.4.tgz",
      "integrity": "sha1-v4CqshFpjqePY+9efxE91dnokX8="
    },
    "boom": {
      "version": "5.1.0",
      "resolved": "https://registry.npmjs.org/boom/-/boom-5.1.0.tgz",
      "integrity": "sha1-Awj6jpJM1tQtnDv0iDvcmPDnHfg="
    },
    "hapi": {
      "version": "7.5.3",
      "resolved": "https://registry.npmjs.org/hapi/-/hapi-7.5.3.tgz",
      "integrity": "sha1-g6THzd5bWVpytNIQQfciMgIewW8=",
      "dependencies": {
        "accept": {
          "version": "1.0.0",
          "resolved": "https://registry.npmjs.org/accept/-/accept-1.0.0.tgz",
          "integrity": "sha1-g++IOWi4WkDFARYEKCoiD/AeYq0="
        },
        "boom": {
          "version": "2.5.1",
          "resolved": "https://registry.npmjs.org/boom/-/boom-2.5.1.tgz",
          "integrity": "sha1-ix5Im1oQjlZ+i5f7FtKfvmM1m3I="
        },
        "call": {
          "version": "1.0.0",
          "resolved": "https://registry.npmjs.org/call/-/call-1.0.0.tgz",
          "integrity": "sha1-765/nfEO6qbPaheeEIYi5+9ccME="
        },
        "catbox": {
          "version": "4.1.0",
          "resolved": "https://registry.npmjs.org/catbox/-/catbox-4.1.0.tgz",
          "integrity": "sha1-I9+IcluBosysfdiVbBSND6gfWok="
        },
        "catbox-memory": {
          "version": "1.1.0",
          "resolved": "https://registry.npmjs.org/catbox-memory/-/catbox-memory-1.1.0.tgz",
          "integrity": "sha1-+Qa74JH6AAxxUuy4LEsdKW6Mldw="
        },
        "cryptiles": {
          "version": "2.0.4",
          "resolved": "https://registry.npmjs.org/cryptiles/-/cryptiles-2.0.4.tgz",
          "integrity": "sha1-CeoXdbnhx95+YKmdQqtvCM4aEoU="
        },
        "glue": {
          "version": "1.0.0",
          "resolved": "https://registry.npmjs.org/glue/-/glue-1.0.0.tgz",
          "integrity": "sha1-Nh5Tedw2HCD0ubiFFjvAbtffzKc="
        },
        "h2o2": {
          "version": "2.0.1",
          "resolved": "https://registry.npmjs.org/h2o2/-/h2o2-2.0.1.tgz",
          "integrity": "sha1-rWUXXbgLDshE/sXo+WpWU8uMYVg="
        },
        "heavy": {
          "version": "1.0.0",
          "resolved": "https://registry.npmjs.org/heavy/-/heavy-1.0.0.tgz",
          "integrity": "sha1-uj6E5NPEDyeh3fp3/N8RSHSewJU="
        },
        "hoek": {
          "version": "2.9.0",
          "resolved": "https://registry.npmjs.org/hoek/-/hoek-2.9.0.tgz",
          "integrity": "sha1-3D1QEcaAhNKYadRJkYO/jpr7nd0="
        },
        "inert": {
          "version": "1.1.1",
          "resolved": "https://registry.npmjs.org/inert/-/inert-1.1.1.tgz",
          "integrity": "sha1-DNvDt3r40YqG3nyqCJcrEcpTFl8=",
          "dependencies": {
            "lru-cache": {
              "version": "2.5.0",
              "resolved": "https://registry.npmjs.org/lru-cache/-/lru-cache-2.5.0.tgz",
              "integrity": "sha1-2COIrpyWC+y+oMc7uet5tsbOmus="
            }
          }
        },
        "iron": {
          "version": "2.1.2",
          "resolved": "https://registry.npmjs.org/iron/-/iron-2.1.2.tgz",
          "integrity": "sha1-WR2RiiVAdTxEbY5DfNzwz6gBEU8="
        },
        "items": {
          "version": "1.1.0",
          "resolved": "https://registry.npmjs.org/items/-/items-1.1.0.tgz",
          "integrity": "sha1-rZ1VhAsimGDLPRYLMidMLUvZ4mI="
        },
        "joi": {
          "version": "4.7.0",
          "resolved": "https://registry.npmjs.org/joi/-/joi-4.7.0.tgz",
          "integrity": "sha1-qSWSywa2GdJFORsJ+9UssiJ0GGo=",
          "dependencies": {
            "isemail": {
              "version": "1.1.1",
              "resolved": "https://registry.npmjs.org/isemail/-/isemail-1.1.1.tgz",
              "integrity": "sha1-4Mj23D9HCX53dzlcaJYnGqJWw7U="
            }
          }
        },
        "kilt": {
          "version": "1.1.1",
          "resolved": "https://registry.npmjs.org/kilt/-/kilt-1.1.1.tgz",
          "integrity": "sha1-d7SmFjyn+lshN6iMFzNCFuwj1ds="
        },
        "mimos": {
          "version": "1.0.1",
          "resolved": "https://registry.npmjs.org/mimos/-/mimos-1.0.1.tgz",
          "integrity": "sha1-puLAfWZYis5+jCuXMp61cmH1e/o=",
          "dependencies": {
            "mime-db": {
              "version": "1.1.2",
              "resolved": "https://registry.npmjs.org/mime-db/-/mime-db-1.1.2.tgz",
              "integrity": "sha1-iT1sUQ9+P2T8ddiiOkhAH2aef9s="
            }
          }
        },
        "qs": {
          "version": "2.3.2",
          "resolved": "https://registry.npmjs.org/qs/-/qs-2.3.2.tgz",
          "integrity": "sha1-1F7CSeS5sCmvAIgpoQHV/36XJ5A="
        },
        "rejoice": {
          "version": "1.0.0",
          "resolved": "https://registry.npmjs.org/rejoice/-/rejoice-1.0.0.tgz",
          "integrity": "sha1-TxbX/eVTt62wf29u5bf8o762gUc=",
          "dependencies": {
            "bossy": {
              "version": "1.0.2",
              "resolved": "https://registry.npmjs.org/bossy/-/bossy-1.0.2.tgz",
              "integrity": "sha1-B9cZHNZgejKUAoI8xyuPM0nL6Cc="
            }
          }
        },
        "shot": {
          "version": "1.3.5",
          "resolved": "https://registry.npmjs.org/shot/-/shot-1.3.5.tgz",
          "integrity": "sha1-I8bFIh7DNoZR8Xh5qIgMoUGQCpA="
        },
        "statehood": {
          "version": "1.2.0",
          "resolved": "https://registry.npmjs.org/statehood/-/statehood-1.2.0.tgz",
          "integrity": "sha1-hFiBHGDIsyssrB7p//CxzwjHNPw="
        },
        "subtext": {
          "version": "1.0.2",
          "resolved": "https://registry.npmjs.org/subtext/-/subtext-1.0.2.tgz",
          "integrity": "sha1-2nsf3nErfxLN0OChZuIXgamYIGs=",
          "dependencies": {
            "content": {
              "version": "1.0.1",
              "resolved": "https://registry.npmjs.org/content/-/content-1.0.1.tgz",
              "integrity": "sha1-gD60s7eJVGD9jGnGhMd1RmmvG6E="
            },
            "pez": {
              "version": "1.0.0",
              "resolved": "https://registry.npmjs.org/pez/-/pez-1.0.0.tgz",
              "integrity": "sha1-hEMYpc5wku7d/6KV4YB5rHefoBg=",
              "dependencies": {
                "b64": {
                  "version": "2.0.0",
                  "resolved": "https://registry.npmjs.org/b64/-/b64-2.0.0.tgz",
                  "integrity": "sha1-tZlbJPR+v9nxMQF6bntdZHVvtvM="
                },
                "nigel": {
                  "version": "1.0.1",
                  "resolved": "https://registry.npmjs.org/nigel/-/nigel-1.0.1.tgz",
                  "integrity": "sha1-RjmJr4gSePuqHTzJOCPb0XtDYKE=",
                  "dependencies": {
                    "vise": {
                      "version": "1.0.0",
                      "resolved": "https://registry.npmjs.org/vise/-/vise-1.0.0.tgz",
                      "integrity": "sha1-KDRb5N5aNB4V/SgW/Z6j5zA+jfM="
                    }
                  }
                }
              }
            }
          }
        },
        "topo": {
          "version": "1.0.2",
          "resolved": "https://registry.npmjs.org/topo/-/topo-1.0.2.tgz",
          "integrity": "sha1-QhV8N8HeTTeIPM3R1skChHqGDbk="
        },
        "vision": {
          "version": "1.2.1",
          "resolved": "https://registry.npmjs.org/vision/-/vision-1.2.1.tgz",
          "integrity": "sha1-bbOIaE4KQ3WdNeaGB/7XNzX+xYg="
        },
        "wreck": {
          "version": "5.0.1",
          "resolved": "https://registry.npmjs.org/wreck/-/wreck-5.0.1.tgz",
          "integrity": "sha1-16nGx05Vl3K/zuJGdaxqs+baKXs="
        }
      }
    },
    "hoek": {
      "version": "4.1.1",
      "resolved": "https://registry.npmjs.org/hoek/-/hoek-4.1.1.tgz",
      "integrity": "sha1-nMVz/7ore0CPtenCoTeWvpTN3Ok="
    },
    "inert": {
      "version": "4.2.0",
      "resolved": "https://registry.npmjs.org/inert/-/inert-4.2.0.tgz",
      "integrity": "sha1-aqXajOGZgutyqr70vdpk/WdQsAU=",
      "dependencies": {
        "boom": {
          "version": "4.3.1",
          "resolved": "https://registry.npmjs.org/boom/-/boom-4.3.1.tgz",
          "integrity": "sha1-T4owBctKfjiJ90kDD9JbluAdLjE="
        }
      }
    },
    "isemail": {
      "version": "2.2.1",
      "resolved": "https://registry.npmjs.org/isemail/-/isemail-2.2.1.tgz",
      "integrity": "sha1-A1PT2aYpUQgMJiwqoKQrjqjp4qY="
    },
    "items": {
      "version": "2.1.1",
      "resolved": "https://registry.npmjs.org/items/-/items-2.1.1.tgz",
      "integrity": "sha1-i9FtnIOxlSneWuoyGsqtp4NkoZg="
    },
    "joi": {
      "version": "10.6.0",
      "resolved": "https://registry.npmjs.org/joi/-/joi-10.6.0.tgz",
      "integrity": "sha512-hBF3LcqyAid+9X/pwg+eXjD2QBZI5eXnBFJYaAkH4SK3mp9QSRiiQnDYlmlz5pccMvnLcJRS4whhDOTCkmsAdQ=="
    },
    "lru-cache": {
      "version": "4.0.2",
      "resolved": "https://registry.npmjs.org/lru-cache/-/lru-cache-4.0.2.tgz",
      "integrity": "sha1-HRdnnAac2l0ECZGgnbwsDbN35V4="
    },
    "pseudomap": {
      "version": "1.0.2",
      "resolved": "https://registry.npmjs.org/pseudomap/-/pseudomap-1.0.2.tgz",
      "integrity": "sha1-8FKijacOYYkX7wqKw0wa5aaChrM="
    },
    "topo": {
      "version": "2.0.2",
      "resolved": "https://registry.npmjs.org/topo/-/topo-2.0.2.tgz",
      "integrity": "sha1-zVYVdSU5BXwNwEkaYhw7xvvh0YI="
    },
    "yallist": {
      "version": "2.1.2",
      "resolved": "https://registry.npmjs.org/yallist/-/yallist-2.1.2.tgz",
      "integrity": "sha1-HBH5IY8HYImkfdUS+TxmmaaoHVI="
    }
  }
}
